# THIS IS AN AUTOGENERATED FILE. DO NOT EDIT THIS FILE DIRECTLY.
# yarn lockfile v1


"@next/env@14.1.1":
  version "14.1.1"
  resolved "https://registry.yarnpkg.com/@next/env/-/env-14.1.1.tgz#80150a8440eb0022a73ba353c6088d419b908bac"
  integrity sha512-7CnQyD5G8shHxQIIg3c7/pSeYFeMhsNbpU/bmvH7ZnDql7mNRgg8O2JZrhrc/soFnfBnKP4/xXNiiSIPn2w8gA==

"@next/swc-darwin-arm64@14.1.1":
  version "14.1.1"
  resolved "https://registry.yarnpkg.com/@next/swc-darwin-arm64/-/swc-darwin-arm64-14.1.1.tgz#b74ba7c14af7d05fa2848bdeb8ee87716c939b64"
  integrity sha512-yDjSFKQKTIjyT7cFv+DqQfW5jsD+tVxXTckSe1KIouKk75t1qZmj/mV3wzdmFb0XHVGtyRjDMulfVG8uCKemOQ==

"@next/swc-darwin-x64@14.1.1":
  version "14.1.1"
  resolved "https://registry.yarnpkg.com/@next/swc-darwin-x64/-/swc-darwin-x64-14.1.1.tgz#82c3e67775e40094c66e76845d1a36cc29c9e78b"
  integrity sha512-KCQmBL0CmFmN8D64FHIZVD9I4ugQsDBBEJKiblXGgwn7wBCSe8N4Dx47sdzl4JAg39IkSN5NNrr8AniXLMb3aw==

"@next/swc-linux-arm64-gnu@14.1.1":
  version "14.1.1"
  resolved "https://registry.yarnpkg.com/@next/swc-linux-arm64-gnu/-/swc-linux-arm64-gnu-14.1.1.tgz#4f4134457b90adc5c3d167d07dfb713c632c0caa"
  integrity sha512-YDQfbWyW0JMKhJf/T4eyFr4b3tceTorQ5w2n7I0mNVTFOvu6CGEzfwT3RSAQGTi/FFMTFcuspPec/7dFHuP7Eg==

"@next/swc-linux-arm64-musl@14.1.1":
  version "14.1.1"
  resolved "https://registry.yarnpkg.com/@next/swc-linux-arm64-musl/-/swc-linux-arm64-musl-14.1.1.tgz#594bedafaeba4a56db23a48ffed2cef7cd09c31a"
  integrity sha512-fiuN/OG6sNGRN/bRFxRvV5LyzLB8gaL8cbDH5o3mEiVwfcMzyE5T//ilMmaTrnA8HLMS6hoz4cHOu6Qcp9vxgQ==

"@next/swc-linux-x64-gnu@14.1.1":
  version "14.1.1"
  resolved "https://registry.yarnpkg.com/@next/swc-linux-x64-gnu/-/swc-linux-x64-gnu-14.1.1.tgz#cb4e75f1ff2b9bcadf2a50684605928ddfc58528"
  integrity sha512-rv6AAdEXoezjbdfp3ouMuVqeLjE1Bin0AuE6qxE6V9g3Giz5/R3xpocHoAi7CufRR+lnkuUjRBn05SYJ83oKNQ==

"@next/swc-linux-x64-musl@14.1.1":
  version "14.1.1"
  resolved "https://registry.yarnpkg.com/@next/swc-linux-x64-musl/-/swc-linux-x64-musl-14.1.1.tgz#15f26800df941b94d06327f674819ab64b272e25"
  integrity sha512-YAZLGsaNeChSrpz/G7MxO3TIBLaMN8QWMr3X8bt6rCvKovwU7GqQlDu99WdvF33kI8ZahvcdbFsy4jAFzFX7og==

"@next/swc-win32-arm64-msvc@14.1.1":
  version "14.1.1"
  resolved "https://registry.yarnpkg.com/@next/swc-win32-arm64-msvc/-/swc-win32-arm64-msvc-14.1.1.tgz#060c134fa7fa843666e3e8574972b2b723773dd9"
  integrity sha512-1L4mUYPBMvVDMZg1inUYyPvFSduot0g73hgfD9CODgbr4xiTYe0VOMTZzaRqYJYBA9mana0x4eaAaypmWo1r5A==

"@next/swc-win32-ia32-msvc@14.1.1":
  version "14.1.1"
  resolved "https://registry.yarnpkg.com/@next/swc-win32-ia32-msvc/-/swc-win32-ia32-msvc-14.1.1.tgz#5c06889352b1f77e3807834a0d0afd7e2d2d1da2"
  integrity sha512-jvIE9tsuj9vpbbXlR5YxrghRfMuG0Qm/nZ/1KDHc+y6FpnZ/apsgh+G6t15vefU0zp3WSpTMIdXRUsNl/7RSuw==

"@next/swc-win32-x64-msvc@14.1.1":
  version "14.1.1"
  resolved "https://registry.yarnpkg.com/@next/swc-win32-x64-msvc/-/swc-win32-x64-msvc-14.1.1.tgz#d38c63a8f9b7f36c1470872797d3735b4a9c5c52"
  integrity sha512-S6K6EHDU5+1KrBDLko7/c1MNy/Ya73pIAmvKeFwsF4RmBFJSO7/7YeD4FnZ4iBdzE69PpQ4sOMU9ORKeNuxe8A==

"@octokit/app@^16.1.2":
  version "16.1.2"
  resolved "https://registry.yarnpkg.com/@octokit/app/-/app-16.1.2.tgz#2077a19e55c984408e2d74b9f7dd397870eac0df"
  integrity sha512-8j7sEpUYVj18dxvh0KWj6W/l6uAiVRBl1JBDVRqH1VHKAO/G5eRVl4yEoYACjakWers1DjUkcCHyJNQK47JqyQ==
  dependencies:
    "@octokit/auth-app" "^8.1.2"
    "@octokit/auth-unauthenticated" "^7.0.3"
    "@octokit/core" "^7.0.6"
    "@octokit/oauth-app" "^8.0.3"
    "@octokit/plugin-paginate-rest" "^14.0.0"
    "@octokit/types" "^16.0.0"
    "@octokit/webhooks" "^14.0.0"

"@octokit/auth-app@^8.1.2":
  version "8.2.0"
  resolved "https://registry.yarnpkg.com/@octokit/auth-app/-/auth-app-8.2.0.tgz#9e4ce3de1dfbcaefea43f24c8cafa20c179b287c"
  integrity sha512-vVjdtQQwomrZ4V46B9LaCsxsySxGoHsyw6IYBov/TqJVROrlYdyNgw5q6tQbB7KZt53v1l1W53RiqTvpzL907g==
  dependencies:
    "@octokit/auth-oauth-app" "^9.0.3"
    "@octokit/auth-oauth-user" "^6.0.2"
    "@octokit/request" "^10.0.6"
    "@octokit/request-error" "^7.0.2"
    "@octokit/types" "^16.0.0"
    toad-cache "^3.7.0"
    universal-github-app-jwt "^2.2.0"
    universal-user-agent "^7.0.0"

"@octokit/auth-oauth-app@^9.0.2", "@octokit/auth-oauth-app@^9.0.3":
  version "9.0.3"
  resolved "https://registry.yarnpkg.com/@octokit/auth-oauth-app/-/auth-oauth-app-9.0.3.tgz#7d7f55e0aea5b207a5c75e1db81385b0dd25113a"
  integrity sha512-+yoFQquaF8OxJSxTb7rnytBIC2ZLbLqA/yb71I4ZXT9+Slw4TziV9j/kyGhUFRRTF2+7WlnIWsePZCWHs+OGjg==
  dependencies:
    "@octokit/auth-oauth-device" "^8.0.3"
    "@octokit/auth-oauth-user" "^6.0.2"
    "@octokit/request" "^10.0.6"
    "@octokit/types" "^16.0.0"
    universal-user-agent "^7.0.0"

"@octokit/auth-oauth-device@^8.0.3":
  version "8.0.3"
  resolved "https://registry.yarnpkg.com/@octokit/auth-oauth-device/-/auth-oauth-device-8.0.3.tgz#d4b6a5d99c9c2365be1c11702d70668035a976be"
  integrity sha512-zh2W0mKKMh/VWZhSqlaCzY7qFyrgd9oTWmTmHaXnHNeQRCZr/CXy2jCgHo4e4dJVTiuxP5dLa0YM5p5QVhJHbw==
  dependencies:
    "@octokit/oauth-methods" "^6.0.2"
    "@octokit/request" "^10.0.6"
    "@octokit/types" "^16.0.0"
    universal-user-agent "^7.0.0"

"@octokit/auth-oauth-user@^6.0.1", "@octokit/auth-oauth-user@^6.0.2":
  version "6.0.2"
  resolved "https://registry.yarnpkg.com/@octokit/auth-oauth-user/-/auth-oauth-user-6.0.2.tgz#7ec9d2102a7680f2af0ebe2a96d8ad08a1634513"
  integrity sha512-qLoPPc6E6GJoz3XeDG/pnDhJpTkODTGG4kY0/Py154i/I003O9NazkrwJwRuzgCalhzyIeWQ+6MDvkUmKXjg/A==
  dependencies:
    "@octokit/auth-oauth-device" "^8.0.3"
    "@octokit/oauth-methods" "^6.0.2"
    "@octokit/request" "^10.0.6"
    "@octokit/types" "^16.0.0"
    universal-user-agent "^7.0.0"

"@octokit/auth-token@^6.0.0":
  version "6.0.0"
  resolved "https://registry.yarnpkg.com/@octokit/auth-token/-/auth-token-6.0.0.tgz#b02e9c08a2d8937df09a2a981f226ad219174c53"
  integrity sha512-P4YJBPdPSpWTQ1NU4XYdvHvXJJDxM6YwpS0FZHRgP7YFkdVxsWcpWGy/NVqlAA7PcPCnMacXlRm1y2PFZRWL/w==

"@octokit/auth-unauthenticated@^7.0.2", "@octokit/auth-unauthenticated@^7.0.3":
  version "7.0.3"
  resolved "https://registry.yarnpkg.com/@octokit/auth-unauthenticated/-/auth-unauthenticated-7.0.3.tgz#48a469dcb6676f152fb06d24049f02de87e23993"
  integrity sha512-8Jb1mtUdmBHL7lGmop9mU9ArMRUTRhg8vp0T1VtZ4yd9vEm3zcLwmjQkhNEduKawOOORie61xhtYIhTDN+ZQ3g==
  dependencies:
    "@octokit/request-error" "^7.0.2"
    "@octokit/types" "^16.0.0"

"@octokit/core@^7.0.5", "@octokit/core@^7.0.6":
  version "7.0.6"
  resolved "https://registry.yarnpkg.com/@octokit/core/-/core-7.0.6.tgz#0d58704391c6b681dec1117240ea4d2a98ac3916"
  integrity sha512-DhGl4xMVFGVIyMwswXeyzdL4uXD5OGILGX5N8Y+f6W7LhC1Ze2poSNrkF/fedpVDHEEZ+PHFW0vL14I+mm8K3Q==
  dependencies:
    "@octokit/auth-token" "^6.0.0"
    "@octokit/graphql" "^9.0.3"
    "@octokit/request" "^10.0.6"
    "@octokit/request-error" "^7.0.2"
    "@octokit/types" "^16.0.0"
    before-after-hook "^4.0.0"
    universal-user-agent "^7.0.0"

"@octokit/endpoint@^11.0.3":
  version "11.0.3"
  resolved "https://registry.yarnpkg.com/@octokit/endpoint/-/endpoint-11.0.3.tgz#acf5f7feddde4e12185d5312ee38ff77235d8205"
  integrity sha512-FWFlNxghg4HrXkD3ifYbS/IdL/mDHjh9QcsNyhQjN8dplUoZbejsdpmuqdA76nxj2xoWPs7p8uX2SNr9rYu0Ag==
  dependencies:
    "@octokit/types" "^16.0.0"
    universal-user-agent "^7.0.2"

"@octokit/graphql@^9.0.3":
  version "9.0.3"
  resolved "https://registry.yarnpkg.com/@octokit/graphql/-/graphql-9.0.3.tgz#5b8341c225909e924b466705c13477face869456"
  integrity sha512-grAEuupr/C1rALFnXTv6ZQhFuL1D8G5y8CN04RgrO4FIPMrtm+mcZzFG7dcBm+nq+1ppNixu+Jd78aeJOYxlGA==
  dependencies:
    "@octokit/request" "^10.0.6"
    "@octokit/types" "^16.0.0"
    universal-user-agent "^7.0.0"

"@octokit/oauth-app@^8.0.3":
  version "8.0.3"
  resolved "https://registry.yarnpkg.com/@octokit/oauth-app/-/oauth-app-8.0.3.tgz#56172be3be768f9c38f12a63e5ef8d6644fd7efb"
  integrity sha512-jnAjvTsPepyUaMu9e69hYBuozEPgYqP4Z3UnpmvoIzHDpf8EXDGvTY1l1jK0RsZ194oRd+k6Hm13oRU8EoDFwg==
  dependencies:
    "@octokit/auth-oauth-app" "^9.0.2"
    "@octokit/auth-oauth-user" "^6.0.1"
    "@octokit/auth-unauthenticated" "^7.0.2"
    "@octokit/core" "^7.0.5"
    "@octokit/oauth-authorization-url" "^8.0.0"
    "@octokit/oauth-methods" "^6.0.1"
    "@types/aws-lambda" "^8.10.83"
    universal-user-agent "^7.0.0"

"@octokit/oauth-authorization-url@^8.0.0":
  version "8.0.0"
  resolved "https://registry.yarnpkg.com/@octokit/oauth-authorization-url/-/oauth-authorization-url-8.0.0.tgz#fdbab39a07d38faaad8621a5fdf04bc0c36d63e7"
  integrity sha512-7QoLPRh/ssEA/HuHBHdVdSgF8xNLz/Bc5m9fZkArJE5bb6NmVkDm3anKxXPmN1zh6b5WKZPRr3697xKT/yM3qQ==

"@octokit/oauth-methods@^6.0.1", "@octokit/oauth-methods@^6.0.2":
  version "6.0.2"
  resolved "https://registry.yarnpkg.com/@octokit/oauth-methods/-/oauth-methods-6.0.2.tgz#0c3da61244040cd2e9075d5949b5deed3fa6e52c"
  integrity sha512-HiNOO3MqLxlt5Da5bZbLV8Zarnphi4y9XehrbaFMkcoJ+FL7sMxH/UlUsCVxpddVu4qvNDrBdaTVE2o4ITK8ng==
  dependencies:
    "@octokit/oauth-authorization-url" "^8.0.0"
    "@octokit/request" "^10.0.6"
    "@octokit/request-error" "^7.0.2"
    "@octokit/types" "^16.0.0"

"@octokit/openapi-types@^27.0.0":
  version "27.0.0"
  resolved "https://registry.yarnpkg.com/@octokit/openapi-types/-/openapi-types-27.0.0.tgz#374ea53781965fd02a9d36cacb97e152cefff12d"
  integrity sha512-whrdktVs1h6gtR+09+QsNk2+FO+49j6ga1c55YZudfEG+oKJVvJLQi3zkOm5JjiUXAagWK2tI2kTGKJ2Ys7MGA==

"@octokit/openapi-webhooks-types@12.1.0":
  version "12.1.0"
  resolved "https://registry.yarnpkg.com/@octokit/openapi-webhooks-types/-/openapi-webhooks-types-12.1.0.tgz#6f1b2839a0d00c9524e81f16d8735ec410bce187"
  integrity sha512-WiuzhOsiOvb7W3Pvmhf8d2C6qaLHXrWiLBP4nJ/4kydu+wpagV5Fkz9RfQwV2afYzv3PB+3xYgp4mAdNGjDprA==

"@octokit/plugin-paginate-graphql@^6.0.0":
  version "6.0.0"
  resolved "https://registry.yarnpkg.com/@octokit/plugin-paginate-graphql/-/plugin-paginate-graphql-6.0.0.tgz#acdefd7e85ce24716e7ad7352f2df4d29d0e273b"
  integrity sha512-crfpnIoFiBtRkvPqOyLOsw12XsveYuY2ieP6uYDosoUegBJpSVxGwut9sxUgFFcll3VTOTqpUf8yGd8x1OmAkQ==

"@octokit/plugin-paginate-rest@^14.0.0":
  version "14.0.0"
  resolved "https://registry.yarnpkg.com/@octokit/plugin-paginate-rest/-/plugin-paginate-rest-14.0.0.tgz#44dc9fff2dacb148d4c5c788b573ddc044503026"
  integrity sha512-fNVRE7ufJiAA3XUrha2omTA39M6IXIc6GIZLvlbsm8QOQCYvpq/LkMNGyFlB1d8hTDzsAXa3OKtybdMAYsV/fw==
  dependencies:
    "@octokit/types" "^16.0.0"

"@octokit/plugin-rest-endpoint-methods@^17.0.0":
  version "17.0.0"
  resolved "https://registry.yarnpkg.com/@octokit/plugin-rest-endpoint-methods/-/plugin-rest-endpoint-methods-17.0.0.tgz#8c54397d3a4060356a1c8a974191ebf945924105"
  integrity sha512-B5yCyIlOJFPqUUeiD0cnBJwWJO8lkJs5d8+ze9QDP6SvfiXSz1BF+91+0MeI1d2yxgOhU/O+CvtiZ9jSkHhFAw==
  dependencies:
    "@octokit/types" "^16.0.0"

"@octokit/plugin-retry@^8.0.3":
  version "8.1.0"
  resolved "https://registry.yarnpkg.com/@octokit/plugin-retry/-/plugin-retry-8.1.0.tgz#e25c2fb5e0a09cfe674ef9df75d7ca4fafa16c11"
  integrity sha512-O1FZgXeiGb2sowEr/hYTr6YunGdSAFWnr2fyW39Ah85H8O33ELASQxcvOFF5LE6Tjekcyu2ms4qAzJVhSaJxTw==
  dependencies:
    "@octokit/request-error" "^7.0.2"
    "@octokit/types" "^16.0.0"
    bottleneck "^2.15.3"

"@octokit/plugin-throttling@^11.0.3":
  version "11.0.3"
  resolved "https://registry.yarnpkg.com/@octokit/plugin-throttling/-/plugin-throttling-11.0.3.tgz#584b1a9ca73a5daafeeb7dd5cc13a1bd29a6a60d"
  integrity sha512-34eE0RkFCKycLl2D2kq7W+LovheM/ex3AwZCYN8udpi6bxsyjZidb2McXs69hZhLmJlDqTSP8cH+jSRpiaijBg==
  dependencies:
    "@octokit/types" "^16.0.0"
    bottleneck "^2.15.3"

"@octokit/request-error@^7.0.0", "@octokit/request-error@^7.0.2":
  version "7.1.0"
  resolved "https://registry.yarnpkg.com/@octokit/request-error/-/request-error-7.1.0.tgz#440fa3cae310466889778f5a222b47a580743638"
  integrity sha512-KMQIfq5sOPpkQYajXHwnhjCC0slzCNScLHs9JafXc4RAJI+9f+jNDlBNaIMTvazOPLgb4BnlhGJOTbnN0wIjPw==
  dependencies:
    "@octokit/types" "^16.0.0"

"@octokit/request@^10.0.6":
  version "10.0.8"
  resolved "https://registry.yarnpkg.com/@octokit/request/-/request-10.0.8.tgz#6609a5a38ad6f8ee203d9eb8ac9361d906a4414e"
  integrity sha512-SJZNwY9pur9Agf7l87ywFi14W+Hd9Jg6Ifivsd33+/bGUQIjNujdFiXII2/qSlN2ybqUHfp5xpekMEjIBTjlSw==
  dependencies:
    "@octokit/endpoint" "^11.0.3"
    "@octokit/request-error" "^7.0.2"
    "@octokit/types" "^16.0.0"
    fast-content-type-parse "^3.0.0"
    json-with-bigint "^3.5.3"
    universal-user-agent "^7.0.2"

"@octokit/types@^16.0.0":
  version "16.0.0"
  resolved "https://registry.yarnpkg.com/@octokit/types/-/types-16.0.0.tgz#fbd7fa590c2ef22af881b1d79758bfaa234dbb7c"
  integrity sha512-sKq+9r1Mm4efXW1FCk7hFSeJo4QKreL/tTbR0rz/qx/r1Oa2VV83LTA/H/MuCOX7uCIJmQVRKBcbmWoySjAnSg==
  dependencies:
    "@octokit/openapi-types" "^27.0.0"

"@octokit/webhooks-methods@^6.0.0":
  version "6.0.0"
  resolved "https://registry.yarnpkg.com/@octokit/webhooks-methods/-/webhooks-methods-6.0.0.tgz#34abf78aec6f826fe561cfe79d2ebb1950d1d25f"
  integrity sha512-MFlzzoDJVw/GcbfzVC1RLR36QqkTLUf79vLVO3D+xn7r0QgxnFoLZgtrzxiQErAjFUOdH6fas2KeQJ1yr/qaXQ==

"@octokit/webhooks@^14.0.0":
  version "14.2.0"
  resolved "https://registry.yarnpkg.com/@octokit/webhooks/-/webhooks-14.2.0.tgz#db5e730fb3a2841f4dec6a1394d98589e74371d2"
  integrity sha512-da6KbdNCV5sr1/txD896V+6W0iamFWrvVl8cHkBSPT+YlvmT3DwXa4jxZnQc+gnuTEqSWbBeoSZYTayXH9wXcw==
  dependencies:
    "@octokit/openapi-webhooks-types" "12.1.0"
    "@octokit/request-error" "^7.0.0"
    "@octokit/webhooks-methods" "^6.0.0"

"@swc/helpers@0.5.2":
  version "0.5.2"
  resolved "https://registry.yarnpkg.com/@swc/helpers/-/helpers-0.5.2.tgz#85ea0c76450b61ad7d10a37050289eded783c27d"
  integrity sha512-E4KcWTpoLHqwPHLxidpOqQbcrZVgi0rsmmZXUle1jXmJfuIf/UWpczUJ7MZZ5tlxytgJXyp0w4PGkkeLiuIdZw==
  dependencies:
    tslib "^2.4.0"

"@types/aws-lambda@^8.10.83":
  version "8.10.161"
  resolved "https://registry.yarnpkg.com/@types/aws-lambda/-/aws-lambda-8.10.161.tgz#36d95723ec46d3d555bf0684f83cf4d4369a28ad"
  integrity sha512-rUYdp+MQwSFocxIOcSsYSF3YYYC/uUpMbCY/mbO21vGqfrEYvNSoPyKYDj6RhXXpPfS0KstW9RwG3qXh9sL7FQ==

before-after-hook@^4.0.0:
  version "4.0.0"
  resolved "https://registry.yarnpkg.com/before-after-hook/-/before-after-hook-4.0.0.tgz#cf1447ab9160df6a40f3621da64d6ffc36050cb9"
  integrity sha512-q6tR3RPqIB1pMiTRMFcZwuG5T8vwp+vUvEG0vuI6B+Rikh5BfPp2fQ82c925FOs+b0lcFQ8CFrL+KbilfZFhOQ==

bottleneck@^2.15.3:
  version "2.19.5"
  resolved "https://registry.yarnpkg.com/bottleneck/-/bottleneck-2.19.5.tgz#5df0b90f59fd47656ebe63c78a98419205cadd91"
  integrity sha512-VHiNCbI1lKdl44tGrhNfU3lup0Tj/ZBMJB5/2ZbNXRCPuRCO7ed2mgcK4r17y+KB2EfuYuRaVlwNbAeaWGSpbw==

busboy@1.6.0:
  version "1.6.0"
  resolved "https://registry.yarnpkg.com/busboy/-/busboy-1.6.0.tgz#966ea36a9502e43cdb9146962523b92f531f6893"
  integrity sha512-8SFQbg/0hQ9xy3UNTB0YEnsNBbWfhf7RtnzpL7TkBiTBRfrQ9Fxcnz7VJsleJpyp6rVLvXiuORqjlHi5q+PYuA==
  dependencies:
    streamsearch "^1.1.0"

caniuse-lite@^1.0.30001579:
  version "1.0.30001589"
  resolved "https://registry.yarnpkg.com/caniuse-lite/-/caniuse-lite-1.0.30001589.tgz#7ad6dba4c9bf6561aec8291976402339dc157dfb"
  integrity sha512-vNQWS6kI+q6sBlHbh71IIeC+sRwK2N3EDySc/updIGhIee2x5z00J4c1242/5/d6EpEMdOnk/m+6tuk4/tcsqg==

client-only@0.0.1:
  version "0.0.1"
  resolved "https://registry.yarnpkg.com/client-only/-/client-only-0.0.1.tgz#38bba5d403c41ab150bff64a95c85013cf73bca1"
  integrity sha512-IV3Ou0jSMzZrd3pZ48nLkT9DA7Ag1pnPzaiQhpW7c3RbcqqzvzzVu+L8gfqMp/8IM2MQtSiqaCxrrcfu8I8rMA==

dotenv@^16.4.5:
  version "16.4.5"
  resolved "https://registry.yarnpkg.com/dotenv/-/dotenv-16.4.5.tgz#cdd3b3b604cb327e286b4762e13502f717cb099f"
  integrity sha512-ZmdL2rui+eB2YwhsWzjInR8LldtZHGDoQ1ugH85ppHKwpUHL7j7rN0Ti9NCnGiQbhaZ11FpR+7ao1dNsmduNUg==

fast-content-type-parse@^3.0.0:
  version "3.0.0"
  resolved "https://registry.yarnpkg.com/fast-content-type-parse/-/fast-content-type-parse-3.0.0.tgz#5590b6c807cc598be125e6740a9fde589d2b7afb"
  integrity sha512-ZvLdcY8P+N8mGQJahJV5G4U88CSvT1rP8ApL6uETe88MBXrBHAkZlSEySdUlyztF7ccb+Znos3TFqaepHxdhBg==

graceful-fs@^4.2.11:
  version "4.2.11"
  resolved "https://registry.yarnpkg.com/graceful-fs/-/graceful-fs-4.2.11.tgz#4183e4e8bf08bb6e05bbb2f7d2e0c8f712ca40e3"
  integrity sha512-RbJ5/jmFcNNCcDV5o9eTnBLJ/HszWV0P73bc+Ff4nS/rJj+YaS6IGyiOL0VoBYX+l1Wrl3k63h/KrH+nhJ0XvQ==

"js-tokens@^3.0.0 || ^4.0.0":
  version "4.0.0"
  resolved "https://registry.yarnpkg.com/js-tokens/-/js-tokens-4.0.0.tgz#19203fb59991df98e3a287050d4647cdeaf32499"
  integrity sha512-RdJUflcE3cUzKiMqQgsCu06FPu9UdIJO0beYbPhHN4k6apgJtifcoCtT9bcxOpYBtpD2kCM6Sbzg4CausW/PKQ==

json-with-bigint@^3.5.3:
  version "3.5.8"
  resolved "https://registry.yarnpkg.com/json-with-bigint/-/json-with-bigint-3.5.8.tgz#1b1edb55a1bc4816ca87ac684297591acd822383"
  integrity sha512-eq/4KP6K34kwa7TcFdtvnftvHCD9KvHOGGICWwMFc4dOOKF5t4iYqnfLK8otCRCRv06FXOzGGyqE8h8ElMvvdw==

lodash.throttle@^4.1.1:
  version "4.1.1"
  resolved "https://registry.yarnpkg.com/lodash.throttle/-/lodash.throttle-4.1.1.tgz#c23e91b710242ac70c37f1e1cda9274cc39bf2f4"
  integrity sha1-wj6RtxAkKscMN/HhzaknTMOb8vQ=

loose-envify@^1.1.0, loose-envify@^1.4.0:
  version "1.4.0"
  resolved "https://registry.yarnpkg.com/loose-envify/-/loose-envify-1.4.0.tgz#71ee51fa7be4caec1a63839f7e682d8132d30caf"
  integrity sha512-lyuxPGr/Wfhrlem2CL/UcnUc1zcqKAImBDzukY7Y5F/yQiNdko6+fRLevlw1HgMySw7f611UIY408EtxRSoK3Q==
  dependencies:
    js-tokens "^3.0.0 || ^4.0.0"

nanoid@^3.3.6:
  version "3.3.7"
  resolved "https://registry.yarnpkg.com/nanoid/-/nanoid-3.3.7.tgz#d0c301a691bc8d54efa0a2226ccf3fe2fd656bd8"
  integrity sha512-eSRppjcPIatRIMC1U6UngP8XFcz8MQWGQdt1MTBQ7NaAmvXDfvNxbvWV3x2y6CdEUciCSsDHDQZbhYaB8QEo2g==

next@^14.1.1:
  version "14.1.1"
  resolved "https://registry.yarnpkg.com/next/-/next-14.1.1.tgz#92bd603996c050422a738e90362dff758459a171"
  integrity sha512-McrGJqlGSHeaz2yTRPkEucxQKe5Zq7uPwyeHNmJaZNY4wx9E9QdxmTp310agFRoMuIYgQrCrT3petg13fSVOww==
  dependencies:
    "@next/env" "14.1.1"
    "@swc/helpers" "0.5.2"
    busboy "1.6.0"
    caniuse-lite "^1.0.30001579"
    graceful-fs "^4.2.11"
    postcss "8.4.31"
    styled-jsx "5.1.1"
  optionalDependencies:
    "@next/swc-darwin-arm64" "14.1.1"
    "@next/swc-darwin-x64" "14.1.1"
    "@next/swc-linux-arm64-gnu" "14.1.1"
    "@next/swc-linux-arm64-musl" "14.1.1"
    "@next/swc-linux-x64-gnu" "14.1.1"
    "@next/swc-linux-x64-musl" "14.1.1"
    "@next/swc-win32-arm64-msvc" "14.1.1"
    "@next/swc-win32-ia32-msvc" "14.1.1"
    "@next/swc-win32-x64-msvc" "14.1.1"

node-statsd@^0.1.1:
  version "0.1.1"
  resolved "https://registry.yarnpkg.com/node-statsd/-/node-statsd-0.1.1.tgz#27a59348763d0af7a037ac2a031fef3f051013d3"
  integrity sha512-QDf6R8VXF56QVe1boek8an/Rb3rSNaxoFWb7Elpsv2m1+Noua1yy0F1FpKpK5VluF8oymWM4w764A4KsYL4pDg==

object-assign@^4.1.1:
  version "4.1.1"
  resolved "https://registry.yarnpkg.com/object-assign/-/object-assign-4.1.1.tgz#2109adc7965887cfc05cbbd442cac8bfbb360863"
  integrity sha1-IQmtx5ZYh8/AXLvUQsrIv7s2CGM=

octokit@^5.0.5:
  version "5.0.5"
  resolved "https://registry.yarnpkg.com/octokit/-/octokit-5.0.5.tgz#8122c8db5c818381839ccc1980295abd9909548f"
  integrity sha512-4+/OFSqOjoyULo7eN7EA97DE0Xydj/PW5aIckxqQIoFjFwqXKuFCvXUJObyJfBF9Khu4RL/jlDRI9FPaMGfPnw==
  dependencies:
    "@octokit/app" "^16.1.2"
    "@octokit/core" "^7.0.6"
    "@octokit/oauth-app" "^8.0.3"
    "@octokit/plugin-paginate-graphql" "^6.0.0"
    "@octokit/plugin-paginate-rest" "^14.0.0"
    "@octokit/plugin-rest-endpoint-methods" "^17.0.0"
    "@octokit/plugin-retry" "^8.0.3"
    "@octokit/plugin-throttling" "^11.0.3"
    "@octokit/request-error" "^7.0.2"
    "@octokit/types" "^16.0.0"
    "@octokit/webhooks" "^14.0.0"

picocolors@^1.0.0:
  version "1.0.0"
  resolved "https://registry.yarnpkg.com/picocolors/-/picocolors-1.0.0.tgz#cb5bdc74ff3f51892236eaf79d68bc44564ab81c"
  integrity sha512-1fygroTLlHu66zi26VoTDv8yRgm0Fccecssto+MhsZ0D/DGW2sm8E8AjW7NU5VVTRt5GxbeZ5qBuJr+HyLYkjQ==

postcss@8.4.31:
  version "8.4.31"
  resolved "https://registry.yarnpkg.com/postcss/-/postcss-8.4.31.tgz#92b451050a9f914da6755af352bdc0192508656d"
  integrity sha512-PS08Iboia9mts/2ygV3eLpY5ghnUcfLV/EXTOW1E2qYxJKGGBUtNjN76FYHnMs36RmARn41bC0AZmn+rR0OVpQ==
  dependencies:
    nanoid "^3.3.6"
    picocolors "^1.0.0"
    source-map-js "^1.0.2"

prop-types@^15.5.8, prop-types@^15.7.2:
  version "15.7.2"
  resolved "https://registry.yarnpkg.com/prop-types/-/prop-types-15.7.2.tgz#52c41e75b8c87e72b9d9360e0206b99dcbffa6c5"
  integrity sha512-8QQikdH7//R2vurIJSutZ1smHYTcLpRWEOlHnzcWHmBYrOGUysKwSsrC89BCiFj3CbrfJ/nXFdJepOVrY1GCHQ==
  dependencies:
    loose-envify "^1.4.0"
    object-assign "^4.1.1"
    react-is "^16.8.1"

react-dom@^18.2.0:
  version "18.2.0"
  resolved "https://registry.yarnpkg.com/react-dom/-/react-dom-18.2.0.tgz#22aaf38708db2674ed9ada224ca4aa708d821e3d"
  integrity sha512-6IMTriUmvsjHUjNtEDudZfuDQUoWXVxKHhlEGSk81n4YFS+r/Kl99wXiwlVXtPBtJenozv2P+hxDsw9eA7Xo6g==
  dependencies:
    loose-envify "^1.1.0"
    scheduler "^0.23.0"

react-input-autosize@^2.2.2:
  version "2.2.2"
  resolved "https://registry.yarnpkg.com/react-input-autosize/-/react-input-autosize-2.2.2.tgz#fcaa7020568ec206bc04be36f4eb68e647c4d8c2"
  integrity sha512-jQJgYCA3S0j+cuOwzuCd1OjmBmnZLdqQdiLKRYrsMMzbjUrVDS5RvJUDwJqA7sKuksDuzFtm6hZGKFu7Mjk5aw==
  dependencies:
    prop-types "^15.5.8"

react-is@^16.8.1:
  version "16.13.1"
  resolved "https://registry.yarnpkg.com/react-is/-/react-is-16.13.1.tgz#789729a4dc36de2999dc156dd6c1d9c18cea56a4"
  integrity sha512-24e6ynE2H+OKt4kqsOvNd8kBpV65zoxbA4BVsEOB3ARVWQki/DHzaUoC5KuON/BiccDaCCTZBuOcfZs70kR8bQ==

react-scroll@^1.8.1:
  version "1.8.1"
  resolved "https://registry.yarnpkg.com/react-scroll/-/react-scroll-1.8.1.tgz#eb4052265f1606cf60855c981ebcfed1bc3beff3"
  integrity sha512-UAKmawFHn+c7x/DoXuHqOsQ5xwNk2Dxv7vP8Ft41K2hglPWkshcSos0tMTr8704UkFqImoUGzMTdN4vuZXoqbw==
  dependencies:
    lodash.throttle "^4.1.1"
    prop-types "^15.7.2"

react@^18.2.0:
  version "18.2.0"
  resolved "https://registry.yarnpkg.com/react/-/react-18.2.0.tgz#555bd98592883255fa00de14f1151a917b5d77d5"
  integrity sha512-/3IjMdb2L9QbBdWiW5e3P2/npwMBaU9mHCSCUzNln0ZCYbcfTsGbTJrU/kGemdH2IWmB2ioZ+zkxtmq6g09fGQ==
  dependencies:
    loose-envify "^1.1.0"

scheduler@^0.23.0:
  version "0.23.0"
  resolved "https://registry.yarnpkg.com/scheduler/-/scheduler-0.23.0.tgz#ba8041afc3d30eb206a487b6b384002e4e61fdfe"
  integrity sha512-CtuThmgHNg7zIZWAXi3AsyIzA3n4xx7aNyjwC2VJldO2LMVDhFK+63xGqq6CsJH4rTAt6/M+N4GhZiDYPx9eUw==
  dependencies:
    loose-envify "^1.1.0"

source-map-js@^1.0.2:
  version "1.0.2"
  resolved "https://registry.yarnpkg.com/source-map-js/-/source-map-js-1.0.2.tgz#adbc361d9c62df380125e7f161f71c826f1e490c"
  integrity sha512-R0XvVJ9WusLiqTCEiGCmICCMplcCkIwwR11mOSD9CR5u+IXYdiseeEuXCVAjS54zqwkLcPNnmU4OeJ6tUrWhDw==

streamsearch@^1.1.0:
  version "1.1.0"
  resolved "https://registry.yarnpkg.com/streamsearch/-/streamsearch-1.1.0.tgz#404dd1e2247ca94af554e841a8ef0eaa238da764"
  integrity sha512-Mcc5wHehp9aXz1ax6bZUyY5afg9u2rv5cqQI3mRrYkGC8rW2hM02jWuwjtL++LS5qinSyhj2QfLyNsuc+VsExg==

styled-jsx@5.1.1:
  version "5.1.1"
  resolved "https://registry.yarnpkg.com/styled-jsx/-/styled-jsx-5.1.1.tgz#839a1c3aaacc4e735fed0781b8619ea5d0009d1f"
  integrity sha512-pW7uC1l4mBZ8ugbiZrcIsiIvVx1UmTfw7UkC3Um2tmfUq9Bhk8IiyEIPl6F8agHgjzku6j0xQEZbfA5uSgSaCw==
  dependencies:
    client-only "0.0.1"

toad-cache@^3.7.0:
  version "3.7.0"
  resolved "https://registry.yarnpkg.com/toad-cache/-/toad-cache-3.7.0.tgz#b9b63304ea7c45ec34d91f1d2fa513517025c441"
  integrity sha512-/m8M+2BJUpoJdgAHoG+baCwBT+tf2VraSfkBgl0Y00qIWt41DJ8R5B8nsEw0I58YwF5IZH6z24/2TobDKnqSWw==

tslib@^2.4.0:
  version "2.6.2"
  resolved "https://registry.yarnpkg.com/tslib/-/tslib-2.6.2.tgz#703ac29425e7b37cd6fd456e92404d46d1f3e4ae"
  integrity sha512-AEYxH93jGFPn/a2iVAwW87VuUIkR1FVUKB77NwMF7nBTDkDrrT/Hpt/IrCJ0QXhW27jTBDcf5ZY7w6RiqTMw2Q==

universal-github-app-jwt@^2.2.0:
  version "2.2.2"
  resolved "https://registry.yarnpkg.com/universal-github-app-jwt/-/universal-github-app-jwt-2.2.2.tgz#38537e5a7d154085a35f97601a5e30e9e17717df"
  integrity sha512-dcmbeSrOdTnsjGjUfAlqNDJrhxXizjAz94ija9Qw8YkZ1uu0d+GoZzyH+Jb9tIIqvGsadUfwg+22k5aDqqwzbw==

universal-user-agent@^7.0.0, universal-user-agent@^7.0.2:
  version "7.0.3"
  resolved "https://registry.yarnpkg.com/universal-user-agent/-/universal-user-agent-7.0.3.tgz#c05870a58125a2dc00431f2df815a77fe69736be"
  integrity sha512-TmnEAEAsBJVZM/AADELsK76llnwcf9vMKuPz8JflO1frO8Lchitr0fNaN9d+Ap0BjKtqWqd/J17qeDnXh8CL2A==
